
Microsoft Visual Studio Solution File, Format Version 12.00
# Visual Studio Version 17
VisualStudioVersion = 17.10.35027.167
MinimumVisualStudioVersion = 10.0.40219.1
Project("{2150E333-8FDC-42A3-9474-1A3956D46DE8}") = "Services", "Services", "{80798C71-5CFF-445A-9BB3-9C77014A68BF}"
EndProject
Project("{2150E333-8FDC-42A3-9474-1A3956D46DE8}") = "Catalog", "Catalog", "{8792C154-08FE-48AA-94BB-34F2286BE174}"
EndProject
Project("{9A19103F-16F7-4668-BE54-9A1E7A4F7556}") = "ECommerce.Catalog", "Services\Catalog\ECommerce.Catalog\ECommerce.Catalog.csproj", "{26FE9065-5BEB-4C5B-8135-A91C9B4408D5}"
EndProject
Project("{2150E333-8FDC-42A3-9474-1A3956D46DE8}") = "Discount", "Discount", "{511F3DD7-BC1B-49D1-BE5D-D259CA0EB041}"
EndProject
Project("{9A19103F-16F7-4668-BE54-9A1E7A4F7556}") = "ECommerce.Discount", "Services\Discount\ECommerce.Discount\ECommerce.Discount.csproj", "{39E880A3-968C-4BB7-8DC3-3B984DD07C80}"
EndProject
Project("{2150E333-8FDC-42A3-9474-1A3956D46DE8}") = "Order", "Order", "{4B7FE5DE-722C-4AA1-AAAA-139DF50563BD}"
EndProject
Project("{2150E333-8FDC-42A3-9474-1A3956D46DE8}") = "Core", "Core", "{D828C974-E5B8-47EA-B4E6-651349BF8F2C}"
EndProject
Project("{2150E333-8FDC-42A3-9474-1A3956D46DE8}") = "Infrastructure", "Infrastructure", "{82608267-513A-431E-877A-2AC8F358471E}"
EndProject
Project("{2150E333-8FDC-42A3-9474-1A3956D46DE8}") = "Presentation", "Presentation", "{C58AE741-9861-4BA1-A264-56777FBAFB05}"
EndProject
Project("{9A19103F-16F7-4668-BE54-9A1E7A4F7556}") = "ECommerce.Order.Domain", "Services\Order\Core\ECommerce.Order.Domain\ECommerce.Order.Domain.csproj", "{10F35E85-2745-493C-8441-0AAB8DECAF64}"
EndProject
Project("{9A19103F-16F7-4668-BE54-9A1E7A4F7556}") = "ECommerce.Order.Application", "Services\Order\Core\ECommerce.Order.Application\ECommerce.Order.Application.csproj", "{17A19B7D-65C5-42D9-9E92-9151A83C5D15}"
EndProject
Project("{9A19103F-16F7-4668-BE54-9A1E7A4F7556}") = "ECommerce.Order.Persistence", "Services\Order\Infrastructure\ECommerce.Order.Persistence\ECommerce.Order.Persistence.csproj", "{B3B377F0-31E3-4F6B-8C83-B08896BD5CB8}"
EndProject
Project("{9A19103F-16F7-4668-BE54-9A1E7A4F7556}") = "ECommerce.Order.WebApi", "Services\Order\Presentation\ECommerce.Order.WebApi\ECommerce.Order.WebApi.csproj", "{B063D9F6-E262-4788-B46B-D00973071E1E}"
EndProject
Project("{9A19103F-16F7-4668-BE54-9A1E7A4F7556}") = "ECommerce.IdentityServer", "IdentityServer\ECommerce.IdentityServer\ECommerce.IdentityServer.csproj", "{9BAFAF60-D25E-42D8-A860-0577D513DCFE}"
EndProject
Project("{2150E333-8FDC-42A3-9474-1A3956D46DE8}") = "Cargo", "Cargo", "{E3E79DB4-EA40-47E8-AF2A-56FA6B89CA1A}"
EndProject
Project("{9A19103F-16F7-4668-BE54-9A1E7A4F7556}") = "ECommerce.Cargo.EntityLayer", "Services\Cargo\ECommerce.Cargo.EntityLayer\ECommerce.Cargo.EntityLayer.csproj", "{06AFA5A8-CD31-49ED-8447-210F93E93312}"
EndProject
Project("{9A19103F-16F7-4668-BE54-9A1E7A4F7556}") = "ECommerce.Cargo.BusinessLayer", "Services\Cargo\ECommerce.Cargo.BusinessLayer\ECommerce.Cargo.BusinessLayer.csproj", "{5749A718-10B1-4847-AAA1-DD042179A3FF}"
EndProject
Project("{9A19103F-16F7-4668-BE54-9A1E7A4F7556}") = "ECommerce.Cargo.DataAccessLayer", "Services\Cargo\ECommerce.Cargo.DataAccessLayer\ECommerce.Cargo.DataAccessLayer.csproj", "{6ABF51C6-725C-4911-802D-1DC5F5EA7DD7}"
EndProject
Project("{9A19103F-16F7-4668-BE54-9A1E7A4F7556}") = "ECommerce.Cargo.DtoLayer", "Services\Cargo\ECommerce.Cargo.DtoLayer\ECommerce.Cargo.DtoLayer.csproj", "{990DDB84-2FEF-4FBB-BC2A-535FE37923CE}"
EndProject
Project("{9A19103F-16F7-4668-BE54-9A1E7A4F7556}") = "ECommerce.Cargo.WebApi", "Services\Cargo\ECommerce.Cargo.WebApi\ECommerce.Cargo.WebApi.csproj", "{E9A9CDE9-757A-4E33-B181-FD23B9FA727A}"
EndProject
Project("{2150E333-8FDC-42A3-9474-1A3956D46DE8}") = "Basket", "Basket", "{56E90B5A-3BE4-43C7-ADD2-9DE06DFC683A}"
EndProject
Project("{9A19103F-16F7-4668-BE54-9A1E7A4F7556}") = "ECommerce.Basket", "Services\Basket\ECommerce.Basket\ECommerce.Basket.csproj", "{685C14E0-7B1C-4130-BDF3-655C234EADFB}"
EndProject
Project("{2150E333-8FDC-42A3-9474-1A3956D46DE8}") = "Frontend", "Frontend", "{B63148BD-4979-40FF-9773-87078D740876}"
EndProject
Project("{FAE04EC0-301F-11D3-BF4B-00C04F79EFBC}") = "ECommerce.WebUI", "Frontend\ECommerce.WebUI\ECommerce.WebUI.csproj", "{1F7BED88-B246-42C5-A943-9C1C64C52B95}"
EndProject
Global
	GlobalSection(SolutionConfigurationPlatforms) = preSolution
		Debug|Any CPU = Debug|Any CPU
		Release|Any CPU = Release|Any CPU
	EndGlobalSection
	GlobalSection(ProjectConfigurationPlatforms) = postSolution
		{26FE9065-5BEB-4C5B-8135-A91C9B4408D5}.Debug|Any CPU.ActiveCfg = Debug|Any CPU
		{26FE9065-5BEB-4C5B-8135-A91C9B4408D5}.Debug|Any CPU.Build.0 = Debug|Any CPU
		{26FE9065-5BEB-4C5B-8135-A91C9B4408D5}.Release|Any CPU.ActiveCfg = Release|Any CPU
		{26FE9065-5BEB-4C5B-8135-A91C9B4408D5}.Release|Any CPU.Build.0 = Release|Any CPU
		{39E880A3-968C-4BB7-8DC3-3B984DD07C80}.Debug|Any CPU.ActiveCfg = Debug|Any CPU
		{39E880A3-968C-4BB7-8DC3-3B984DD07C80}.Debug|Any CPU.Build.0 = Debug|Any CPU
		{39E880A3-968C-4BB7-8DC3-3B984DD07C80}.Release|Any CPU.ActiveCfg = Release|Any CPU
		{39E880A3-968C-4BB7-8DC3-3B984DD07C80}.Release|Any CPU.Build.0 = Release|Any CPU
		{10F35E85-2745-493C-8441-0AAB8DECAF64}.Debug|Any CPU.ActiveCfg = Debug|Any CPU
		{10F35E85-2745-493C-8441-0AAB8DECAF64}.Debug|Any CPU.Build.0 = Debug|Any CPU
		{10F35E85-2745-493C-8441-0AAB8DECAF64}.Release|Any CPU.ActiveCfg = Release|Any CPU
		{10F35E85-2745-493C-8441-0AAB8DECAF64}.Release|Any CPU.Build.0 = Release|Any CPU
		{17A19B7D-65C5-42D9-9E92-9151A83C5D15}.Debug|Any CPU.ActiveCfg = Debug|Any CPU
		{17A19B7D-65C5-42D9-9E92-9151A83C5D15}.Debug|Any CPU.Build.0 = Debug|Any CPU
		{17A19B7D-65C5-42D9-9E92-9151A83C5D15}.Release|Any CPU.ActiveCfg = Release|Any CPU
		{17A19B7D-65C5-42D9-9E92-9151A83C5D15}.Release|Any CPU.Build.0 = Release|Any CPU
		{B3B377F0-31E3-4F6B-8C83-B08896BD5CB8}.Debug|Any CPU.ActiveCfg = Debug|Any CPU
		{B3B377F0-31E3-4F6B-8C83-B08896BD5CB8}.Debug|Any CPU.Build.0 = Debug|Any CPU
		{B3B377F0-31E3-4F6B-8C83-B08896BD5CB8}.Release|Any CPU.ActiveCfg = Release|Any CPU
		{B3B377F0-31E3-4F6B-8C83-B08896BD5CB8}.Release|Any CPU.Build.0 = Release|Any CPU
		{B063D9F6-E262-4788-B46B-D00973071E1E}.Debug|Any CPU.ActiveCfg = Debug|Any CPU
		{B063D9F6-E262-4788-B46B-D00973071E1E}.Debug|Any CPU.Build.0 = Debug|Any CPU
		{B063D9F6-E262-4788-B46B-D00973071E1E}.Release|Any CPU.ActiveCfg = Release|Any CPU
		{B063D9F6-E262-4788-B46B-D00973071E1E}.Release|Any CPU.Build.0 = Release|Any CPU
		{9BAFAF60-D25E-42D8-A860-0577D513DCFE}.Debug|Any CPU.ActiveCfg = Debug|Any CPU
		{9BAFAF60-D25E-42D8-A860-0577D513DCFE}.Debug|Any CPU.Build.0 = Debug|Any CPU
		{9BAFAF60-D25E-42D8-A860-0577D513DCFE}.Release|Any CPU.ActiveCfg = Release|Any CPU
		{9BAFAF60-D25E-42D8-A860-0577D513DCFE}.Release|Any CPU.Build.0 = Release|Any CPU
		{06AFA5A8-CD31-49ED-8447-210F93E93312}.Debug|Any CPU.ActiveCfg = Debug|Any CPU
		{06AFA5A8-CD31-49ED-8447-210F93E93312}.Debug|Any CPU.Build.0 = Debug|Any CPU
		{06AFA5A8-CD31-49ED-8447-210F93E93312}.Release|Any CPU.ActiveCfg = Release|Any CPU
		{06AFA5A8-CD31-49ED-8447-210F93E93312}.Release|Any CPU.Build.0 = Release|Any CPU
		{5749A718-10B1-4847-AAA1-DD042179A3FF}.Debug|Any CPU.ActiveCfg = Debug|Any CPU
		{5749A718-10B1-4847-AAA1-DD042179A3FF}.Debug|Any CPU.Build.0 = Debug|Any CPU
		{5749A718-10B1-4847-AAA1-DD042179A3FF}.Release|Any CPU.ActiveCfg = Release|Any CPU
		{5749A718-10B1-4847-AAA1-DD042179A3FF}.Release|Any CPU.Build.0 = Release|Any CPU
		{6ABF51C6-725C-4911-802D-1DC5F5EA7DD7}.Debug|Any CPU.ActiveCfg = Debug|Any CPU
		{6ABF51C6-725C-4911-802D-1DC5F5EA7DD7}.Debug|Any CPU.Build.0 = Debug|Any CPU
		{6ABF51C6-725C-4911-802D-1DC5F5EA7DD7}.Release|Any CPU.ActiveCfg = Release|Any CPU
		{6ABF51C6-725C-4911-802D-1DC5F5EA7DD7}.Release|Any CPU.Build.0 = Release|Any CPU
		{990DDB84-2FEF-4FBB-BC2A-535FE37923CE}.Debug|Any CPU.ActiveCfg = Debug|Any CPU
		{990DDB84-2FEF-4FBB-BC2A-535FE37923CE}.Debug|Any CPU.Build.0 = Debug|Any CPU
		{990DDB84-2FEF-4FBB-BC2A-535FE37923CE}.Release|Any CPU.ActiveCfg = Release|Any CPU
		{990DDB84-2FEF-4FBB-BC2A-535FE37923CE}.Release|Any CPU.Build.0 = Release|Any CPU
		{E9A9CDE9-757A-4E33-B181-FD23B9FA727A}.Debug|Any CPU.ActiveCfg = Debug|Any CPU
		{E9A9CDE9-757A-4E33-B181-FD23B9FA727A}.Debug|Any CPU.Build.0 = Debug|Any CPU
		{E9A9CDE9-757A-4E33-B181-FD23B9FA727A}.Release|Any CPU.ActiveCfg = Release|Any CPU
		{E9A9CDE9-757A-4E33-B181-FD23B9FA727A}.Release|Any CPU.Build.0 = Release|Any CPU
		{685C14E0-7B1C-4130-BDF3-655C234EADFB}.Debug|Any CPU.ActiveCfg = Debug|Any CPU
		{685C14E0-7B1C-4130-BDF3-655C234EADFB}.Debug|Any CPU.Build.0 = Debug|Any CPU
		{685C14E0-7B1C-4130-BDF3-655C234EADFB}.Release|Any CPU.ActiveCfg = Release|Any CPU
		{685C14E0-7B1C-4130-BDF3-655C234EADFB}.Release|Any CPU.Build.0 = Release|Any CPU
		{1F7BED88-B246-42C5-A943-9C1C64C52B95}.Debug|Any CPU.ActiveCfg = Debug|Any CPU
		{1F7BED88-B246-42C5-A943-9C1C64C52B95}.Debug|Any CPU.Build.0 = Debug|Any CPU
		{1F7BED88-B246-42C5-A943-9C1C64C52B95}.Release|Any CPU.ActiveCfg = Release|Any CPU
		{1F7BED88-B246-42C5-A943-9C1C64C52B95}.Release|Any CPU.Build.0 = Release|Any CPU
	EndGlobalSection
	GlobalSection(SolutionProperties) = preSolution
		HideSolutionNode = FALSE
	EndGlobalSection
	GlobalSection(NestedProjects) = preSolution
		{8792C154-08FE-48AA-94BB-34F2286BE174} = {80798C71-5CFF-445A-9BB3-9C77014A68BF}
		{26FE9065-5BEB-4C5B-8135-A91C9B4408D5} = {8792C154-08FE-48AA-94BB-34F2286BE174}
		{511F3DD7-BC1B-49D1-BE5D-D259CA0EB041} = {80798C71-5CFF-445A-9BB3-9C77014A68BF}
		{39E880A3-968C-4BB7-8DC3-3B984DD07C80} = {511F3DD7-BC1B-49D1-BE5D-D259CA0EB041}
		{4B7FE5DE-722C-4AA1-AAAA-139DF50563BD} = {80798C71-5CFF-445A-9BB3-9C77014A68BF}
		{D828C974-E5B8-47EA-B4E6-651349BF8F2C} = {4B7FE5DE-722C-4AA1-AAAA-139DF50563BD}
		{82608267-513A-431E-877A-2AC8F358471E} = {4B7FE5DE-722C-4AA1-AAAA-139DF50563BD}
		{C58AE741-9861-4BA1-A264-56777FBAFB05} = {4B7FE5DE-722C-4AA1-AAAA-139DF50563BD}
		{10F35E85-2745-493C-8441-0AAB8DECAF64} = {D828C974-E5B8-47EA-B4E6-651349BF8F2C}
		{17A19B7D-65C5-42D9-9E92-9151A83C5D15} = {D828C974-E5B8-47EA-B4E6-651349BF8F2C}
		{B3B377F0-31E3-4F6B-8C83-B08896BD5CB8} = {82608267-513A-431E-877A-2AC8F358471E}
		{B063D9F6-E262-4788-B46B-D00973071E1E} = {C58AE741-9861-4BA1-A264-56777FBAFB05}
		{E3E79DB4-EA40-47E8-AF2A-56FA6B89CA1A} = {80798C71-5CFF-445A-9BB3-9C77014A68BF}
		{06AFA5A8-CD31-49ED-8447-210F93E93312} = {E3E79DB4-EA40-47E8-AF2A-56FA6B89CA1A}
		{5749A718-10B1-4847-AAA1-DD042179A3FF} = {E3E79DB4-EA40-47E8-AF2A-56FA6B89CA1A}
		{6ABF51C6-725C-4911-802D-1DC5F5EA7DD7} = {E3E79DB4-EA40-47E8-AF2A-56FA6B89CA1A}
		{990DDB84-2FEF-4FBB-BC2A-535FE37923CE} = {E3E79DB4-EA40-47E8-AF2A-56FA6B89CA1A}
		{E9A9CDE9-757A-4E33-B181-FD23B9FA727A} = {E3E79DB4-EA40-47E8-AF2A-56FA6B89CA1A}
		{56E90B5A-3BE4-43C7-ADD2-9DE06DFC683A} = {80798C71-5CFF-445A-9BB3-9C77014A68BF}
		{685C14E0-7B1C-4130-BDF3-655C234EADFB} = {56E90B5A-3BE4-43C7-ADD2-9DE06DFC683A}
		{1F7BED88-B246-42C5-A943-9C1C64C52B95} = {B63148BD-4979-40FF-9773-87078D740876}
	EndGlobalSection
	GlobalSection(ExtensibilityGlobals) = postSolution
		SolutionGuid = {0F862901-0700-4948-B3F5-868EBEC45568}
	EndGlobalSection
EndGlobal
